// !$*UTF8*$!
{
	archiveVersion = 1;
	classes = {
	};
	objectVersion = 50;
	objects = {

/* Begin PBXBuildFile section */
		1C1BAC54260336240047A303 /* dataSouce.plist in Resources */ = {isa = PBXBuildFile; fileRef = 1C1BAC53260336240047A303 /* dataSouce.plist */; };
		1C1BAC582603378D0047A303 /* MDDItemModel.m in Sources */ = {isa = PBXBuildFile; fileRef = 1C1BAC572603378D0047A303 /* MDDItemModel.m */; };
		1C1BAC5D26033EF10047A303 /* MDDImageCache.m in Sources */ = {isa = PBXBuildFile; fileRef = 1C1BAC5C26033EF10047A303 /* MDDImageCache.m */; };
		1C1BAC642603452A0047A303 /* MDDDownloadImageTool.m in Sources */ = {isa = PBXBuildFile; fileRef = 1C1BAC632603452A0047A303 /* MDDDownloadImageTool.m */; };
		1C1BAC68260348960047A303 /* UIImageView+MDDCache.m in Sources */ = {isa = PBXBuildFile; fileRef = 1C1BAC67260348960047A303 /* UIImageView+MDDCache.m */; };
		1CD4720226032BB00079A357 /* AppDelegate.m in Sources */ = {isa = PBXBuildFile; fileRef = 1CD4720126032BB00079A357 /* AppDelegate.m */; };
		1CD4720526032BB00079A357 /* SceneDelegate.m in Sources */ = {isa = PBXBuildFile; fileRef = 1CD4720426032BB00079A357 /* SceneDelegate.m */; };
		1CD4720826032BB00079A357 /* ViewController.m in Sources */ = {isa = PBXBuildFile; fileRef = 1CD4720726032BB00079A357 /* ViewController.m */; };
		1CD4720B26032BB00079A357 /* Main.storyboard in Resources */ = {isa = PBXBuildFile; fileRef = 1CD4720926032BB00079A357 /* Main.storyboard */; };
		1CD4720D26032BB10079A357 /* Assets.xcassets in Resources */ = {isa = PBXBuildFile; fileRef = 1CD4720C26032BB10079A357 /* Assets.xcassets */; };
		1CD4721026032BB10079A357 /* LaunchScreen.storyboard in Resources */ = {isa = PBXBuildFile; fileRef = 1CD4720E26032BB10079A357 /* LaunchScreen.storyboard */; };
		1CD4721326032BB10079A357 /* main.m in Sources */ = {isa = PBXBuildFile; fileRef = 1CD4721226032BB10079A357 /* main.m */; };
/* End PBXBuildFile section */

/* Begin PBXFileReference section */
		1C1BAC53260336240047A303 /* dataSouce.plist */ = {isa = PBXFileReference; lastKnownFileType = text.plist.xml; path = dataSouce.plist; sourceTree = "<group>"; };
		1C1BAC562603378D0047A303 /* MDDItemModel.h */ = {isa = PBXFileReference; lastKnownFileType = sourcecode.c.h; path = MDDItemModel.h; sourceTree = "<group>"; };
		1C1BAC572603378D0047A303 /* MDDItemModel.m */ = {isa = PBXFileReference; lastKnownFileType = sourcecode.c.objc; path = MDDItemModel.m; sourceTree = "<group>"; };
		1C1BAC5B26033EF10047A303 /* MDDImageCache.h */ = {isa = PBXFileReference; lastKnownFileType = sourcecode.c.h; path = MDDImageCache.h; sourceTree = "<group>"; };
		1C1BAC5C26033EF10047A303 /* MDDImageCache.m */ = {isa = PBXFileReference; lastKnownFileType = sourcecode.c.objc; path = MDDImageCache.m; sourceTree = "<group>"; };
		1C1BAC60260340AB0047A303 /* Single.h */ = {isa = PBXFileReference; lastKnownFileType = sourcecode.c.h; path = Single.h; sourceTree = "<group>"; };
		1C1BAC622603452A0047A303 /* MDDDownloadImageTool.h */ = {isa = PBXFileReference; lastKnownFileType = sourcecode.c.h; path = MDDDownloadImageTool.h; sourceTree = "<group>"; };
		1C1BAC632603452A0047A303 /* MDDDownloadImageTool.m */ = {isa = PBXFileReference; lastKnownFileType = sourcecode.c.objc; path = MDDDownloadImageTool.m; sourceTree = "<group>"; };
		1C1BAC66260348960047A303 /* UIImageView+MDDCache.h */ = {isa = PBXFileReference; lastKnownFileType = sourcecode.c.h; path = "UIImageView+MDDCache.h"; sourceTree = "<group>"; };
		1C1BAC67260348960047A303 /* UIImageView+MDDCache.m */ = {isa = PBXFileReference; lastKnownFileType = sourcecode.c.objc; path = "UIImageView+MDDCache.m"; sourceTree = "<group>"; };
		1CD471FD26032BB00079A357 /* MultiImageDownloadDome.app */ = {isa = PBXFileReference; explicitFileType = wrapper.application; includeInIndex = 0; path = MultiImageDownloadDome.app; sourceTree = BUILT_PRODUCTS_DIR; };
		1CD4720026032BB00079A357 /* AppDelegate.h */ = {isa = PBXFileReference; lastKnownFileType = sourcecode.c.h; path = AppDelegate.h; sourceTree = "<group>"; };
		1CD4720126032BB00079A357 /* AppDelegate.m */ = {isa = PBXFileReference; lastKnownFileType = sourcecode.c.objc; path = AppDelegate.m; sourceTree = "<group>"; };
		1CD4720326032BB00079A357 /* SceneDelegate.h */ = {isa = PBXFileReference; lastKnownFileType = sourcecode.c.h; path = SceneDelegate.h; sourceTree = "<group>"; };
		1CD4720426032BB00079A357 /* SceneDelegate.m */ = {isa = PBXFileReference; lastKnownFileType = sourcecode.c.objc; path = SceneDelegate.m; sourceTree = "<group>"; };
		1CD4720626032BB00079A357 /* ViewController.h */ = {isa = PBXFileReference; lastKnownFileType = sourcecode.c.h; path = ViewController.h; sourceTree = "<group>"; };
		1CD4720726032BB00079A357 /* ViewController.m */ = {isa = PBXFileReference; lastKnownFileType = sourcecode.c.objc; path = ViewController.m; sourceTree = "<group>"; };
		1CD4720A26032BB00079A357 /* Base */ = {isa = PBXFileReference; lastKnownFileType = file.storyboard; name = Base; path = Base.lproj/Main.storyboard; sourceTree = "<group>"; };
		1CD4720C26032BB10079A357 /* Assets.xcassets */ = {isa = PBXFileReference; lastKnownFileType = folder.assetcatalog; path = Assets.xcassets; sourceTree = "<group>"; };
		1CD4720F26032BB10079A357 /* Base */ = {isa = PBXFileReference; lastKnownFileType = file.storyboard; name = Base; path = Base.lproj/LaunchScreen.storyboard; sourceTree = "<group>"; };
		1CD4721126032BB10079A357 /* Info.plist */ = {isa = PBXFileReference; lastKnownFileType = text.plist.xml; path = Info.plist; sourceTree = "<group>"; };
		1CD4721226032BB10079A357 /* main.m */ = {isa = PBXFileReference; lastKnownFileType = sourcecode.c.objc; path = main.m; sourceTree = "<group>"; };
/* End PBXFileReference section */

/* Begin PBXFrameworksBuildPhase section */
		1CD471FA26032BB00079A357 /* Frameworks */ = {
			isa = PBXFrameworksBuildPhase;
			buildActionMask = 2147483647;
			files = (
			);
			runOnlyForDeploymentPostprocessing = 0;
		};
/* End PBXFrameworksBuildPhase section */

/* Begin PBXGroup section */
		1C1BAC5A26033EC40047A303 /* core */ = {
			isa = PBXGroup;
			children = (
				1C1BAC5B26033EF10047A303 /* MDDImageCache.h */,
				1C1BAC5C26033EF10047A303 /* MDDImageCache.m */,
				1C1BAC60260340AB0047A303 /* Single.h */,
				1C1BAC622603452A0047A303 /* MDDDownloadImageTool.h */,
				1C1BAC632603452A0047A303 /* MDDDownloadImageTool.m */,
				1C1BAC66260348960047A303 /* UIImageView+MDDCache.h */,
				1C1BAC67260348960047A303 /* UIImageView+MDDCache.m */,
			);
			path = core;
			sourceTree = "<group>";
		};
		1CD471F426032BB00079A357 = {
			isa = PBXGroup;
			children = (
				1CD471FF26032BB00079A357 /* MultiImageDownloadDome */,
				1CD471FE26032BB00079A357 /* Products */,
			);
			sourceTree = "<group>";
		};
		1CD471FE26032BB00079A357 /* Products */ = {
			isa = PBXGroup;
			children = (
				1CD471FD26032BB00079A357 /* MultiImageDownloadDome.app */,
			);
			name = Products;
			sourceTree = "<group>";
		};
		1CD471FF26032BB00079A357 /* MultiImageDownloadDome */ = {
			isa = PBXGroup;
			children = (
				1C1BAC5A26033EC40047A303 /* core */,
				1CD4721A26032C170079A357 /* UI */,
				1CD4720026032BB00079A357 /* AppDelegate.h */,
				1CD4720126032BB00079A357 /* AppDelegate.m */,
				1CD4720326032BB00079A357 /* SceneDelegate.h */,
				1CD4720426032BB00079A357 /* SceneDelegate.m */,
				1CD4720926032BB00079A357 /* Main.storyboard */,
				1CD4720C26032BB10079A357 /* Assets.xcassets */,
				1CD4720E26032BB10079A357 /* LaunchScreen.storyboard */,
				1CD4721126032BB10079A357 /* Info.plist */,
				1CD4721226032BB10079A357 /* main.m */,
			);
			path = MultiImageDownloadDome;
			sourceTree = "<group>";
		};
		1CD4721A26032C170079A357 /* UI */ = {
			isa = PBXGroup;
			children = (
				1CD4720626032BB00079A357 /* ViewController.h */,
				1CD4720726032BB00079A357 /* ViewController.m */,
				1C1BAC53260336240047A303 /* dataSouce.plist */,
				1C1BAC562603378D0047A303 /* MDDItemModel.h */,
				1C1BAC572603378D0047A303 /* MDDItemModel.m */,
			);
			path = UI;
			sourceTree = "<group>";
		};
/* End PBXGroup section */

/* Begin PBXNativeTarget section */
		1CD471FC26032BB00079A357 /* MultiImageDownloadDome */ = {
			isa = PBXNativeTarget;
			buildConfigurationList = 1CD4721626032BB10079A357 /* Build configuration list for PBXNativeTarget "MultiImageDownloadDome" */;
			buildPhases = (
				1CD471F926032BB00079A357 /* Sources */,
				1CD471FA26032BB00079A357 /* Frameworks */,
				1CD471FB26032BB00079A357 /* Resources */,
			);
			buildRules = (
			);
			dependencies = (
			);
			name = MultiImageDownloadDome;
			productName = MultiImageDownloadDome;
			productReference = 1CD471FD26032BB00079A357 /* MultiImageDownloadDome.app */;
			productType = "com.apple.product-type.application";
		};
/* End PBXNativeTarget section */

/* Begin PBXProject section */
		1CD471F526032BB00079A357 /* Project object */ = {
			isa = PBXProject;
			attributes = {
				LastUpgradeCheck = 1240;
				TargetAttributes = {
					1CD471FC26032BB00079A357 = {
						CreatedOnToolsVersion = 12.4;
					};
				};
			};
			buildConfigurationList = 1CD471F826032BB00079A357 /* Build configuration list for PBXProject "MultiImageDownloadDome" */;
			compatibilityVersion = "Xcode 9.3";
			developmentRegion = en;
			hasScannedForEncodings = 0;
			knownRegions = (
				en,
				Base,
			);
			mainGroup = 1CD471F426032BB00079A357;
			productRefGroup = 1CD471FE26032BB00079A357 /* Products */;
			projectDirPath = "";
			projectRoot = "";
			targets = (
				1CD471FC26032BB00079A357 /* MultiImageDownloadDome */,
			);
		};
/* End PBXProject section */

/* Begin PBXResourcesBuildPhase section */
		1CD471FB26032BB00079A357 /* Resources */ = {
			isa = PBXResourcesBuildPhase;
			buildActionMask = 2147483647;
			files = (
				1CD4721026032BB10079A357 /* LaunchScreen.storyboard in Resources */,
				1CD4720D26032BB10079A357 /* Assets.xcassets in Resources */,
				1C1BAC54260336240047A303 /* dataSouce.plist in Resources */,
				1CD4720B26032BB00079A357 /* Main.storyboard in Resources */,
			);
			runOnlyForDeploymentPostprocessing = 0;
		};
/* End PBXResourcesBuildPhase section */

/* Begin PBXSourcesBuildPhase section */
		1CD471F926032BB00079A357 /* Sources */ = {
			isa = PBXSourcesBuildPhase;
			buildActionMask = 2147483647;
			files = (
				1C1BAC5D26033EF10047A303 /* MDDImageCache.m in Sources */,
				1C1BAC68260348960047A303 /* UIImageView+MDDCache.m in Sources */,
				1CD4720826032BB00079A357 /* ViewController.m in Sources */,
				1CD4720226032BB00079A357 /* AppDelegate.m in Sources */,
				1C1BAC582603378D0047A303 /* MDDItemModel.m in Sources */,
				1CD4721326032BB10079A357 /* main.m in Sources */,
				1CD4720526032BB00079A357 /* SceneDelegate.m in Sources */,
				1C1BAC642603452A0047A303 /* MDDDownloadImageTool.m in Sources */,
			);
			runOnlyForDeploymentPostprocessing = 0;
		};
/* End PBXSourcesBuildPhase section */

/* Begin PBXVariantGroup section */
		1CD4720926032BB00079A357 /* Main.storyboard */ = {
			isa = PBXVariantGroup;
			children = (
				1CD4720A26032BB00079A357 /* Base */,
			);
			name = Main.storyboard;
			sourceTree = "<group>";
		};
		1CD4720E26032BB10079A357 /* LaunchScreen.storyboard */ = {
			isa = PBXVariantGroup;
			children = (
				1CD4720F26032BB10079A357 /* Base */,
			);
			name = LaunchScreen.storyboard;
			sourceTree = "<group>";
		};
/* End PBXVariantGroup section */

/* Begin XCBuildConfiguration section */
		1CD4721426032BB10079A357 /* Debug */ = {
			isa = XCBuildConfiguration;
			buildSettings = {
				ALWAYS_SEARCH_USER_PATHS = NO;
				CLANG_ANALYZER_NONNULL = YES;
				CLANG_ANALYZER_NUMBER_OBJECT_CONVERSION = YES_AGGRESSIVE;
				CLANG_CXX_LANGUAGE_STANDARD = "gnu++14";
				CLANG_CXX_LIBRARY = "libc++";
				CLANG_ENABLE_MODULES = YES;
				CLANG_ENABLE_OBJC_ARC = YES;
				CLANG_ENABLE_OBJC_WEAK = YES;
				CLANG_WARN_BLOCK_CAPTURE_AUTORELEASING = YES;
				CLANG_WARN_BOOL_CONVERSION = YES;
				CLANG_WARN_COMMA = YES;
				CLANG_WARN_CONSTANT_CONVERSION = YES;
				CLANG_WARN_DEPRECATED_OBJC_IMPLEMENTATIONS = YES;
				CLANG_WARN_DIRECT_OBJC_ISA_USAGE = YES_ERROR;
				CLANG_WARN_DOCUMENTATION_COMMENTS = YES;
				CLANG_WARN_EMPTY_BODY = YES;
				CLANG_WARN_ENUM_CONVERSION = YES;
				CLANG_WARN_INFINITE_RECURSION = YES;
				CLANG_WARN_INT_CONVERSION = YES;
				CLANG_WARN_NON_LITERAL_NULL_CONVERSION = YES;
				CLANG_WARN_OBJC_IMPLICIT_RETAIN_SELF = YES;
				CLANG_WARN_OBJC_LITERAL_CONVERSION = YES;
				CLANG_WARN_OBJC_ROOT_CLASS = YES_ERROR;
				CLANG_WARN_QUOTED_INCLUDE_IN_FRAMEWORK_HEADER = YES;
				CLANG_WARN_RANGE_LOOP_ANALYSIS = YES;
				CLANG_WARN_STRICT_PROTOTYPES = YES;
				CLANG_WARN_SUSPICIOUS_MOVE = YES;
				CLANG_WARN_UNGUARDED_AVAILABILITY = YES_AGGRESSIVE;
				CLANG_WARN_UNREACHABLE_CODE = YES;
				CLANG_WARN__DUPLICATE_METHOD_MATCH = YES;
				COPY_PHASE_STRIP = NO;
				DEBUG_INFORMATION_FORMAT = dwarf;
				ENABLE_STRICT_OBJC_MSGSEND = YES;
				ENABLE_TESTABILITY = YES;
				GCC_C_LANGUAGE_STANDARD = gnu11;
				GCC_DYNAMIC_NO_PIC = NO;
				GCC_NO_COMMON_BLOCKS = YES;
				GCC_OPTIMIZATION_LEVEL = 0;
				GCC_PREPROCESSOR_DEFINITIONS = (
					"DEBUG=1",
					"$(inherited)",
				);
				GCC_WARN_64_TO_32_BIT_CONVERSION = YES;
				GCC_WARN_ABOUT_RETURN_TYPE = YES_ERROR;
				GCC_WARN_UNDECLARED_SELECTOR = YES;
				GCC_WARN_UNINITIALIZED_AUTOS = YES_AGGRESSIVE;
				GCC_WARN_UNUSED_FUNCTION = YES;
				GCC_WARN_UNUSED_VARIABLE = YES;
				IPHONEOS_DEPLOYMENT_TARGET = 9.0;
				MTL_ENABLE_DEBUG_INFO = INCLUDE_SOURCE;
				MTL_FAST_MATH = YES;
				ONLY_ACTIVE_ARCH = YES;
				SDKROOT = iphoneos;
			};
			name = Debug;
		};
		1CD4721526032BB10079A357 /* Release */ = {
			isa = XCBuildConfiguration;
			buildSettings = {
				ALWAYS_SEARCH_USER_PATHS = NO;
				CLANG_ANALYZER_NONNULL = YES;
				CLANG_ANALYZER_NUMBER_OBJECT_CONVERSION = YES_AGGRESSIVE;
				CLANG_CXX_LANGUAGE_STANDARD = "gnu++14";
				CLANG_CXX_LIBRARY = "libc++";
				CLANG_ENABLE_MODULES = YES;
				CLANG_ENABLE_OBJC_ARC = YES;
				CLANG_ENABLE_OBJC_WEAK = YES;
				CLANG_WARN_BLOCK_CAPTURE_AUTORELEASING = YES;
				CLANG_WARN_BOOL_CONVERSION = YES;
				CLANG_WARN_COMMA = YES;
				CLANG_WARN_CONSTANT_CONVERSION = YES;
				CLANG_WARN_DEPRECATED_OBJC_IMPLEMENTATIONS = YES;
				CLANG_WARN_DIRECT_OBJC_ISA_USAGE = YES_ERROR;
				CLANG_WARN_DOCUMENTATION_COMMENTS = YES;
				CLANG_WARN_EMPTY_BODY = YES;
				CLANG_WARN_ENUM_CONVERSION = YES;
				CLANG_WARN_INFINITE_RECURSION = YES;
				CLANG_WARN_INT_CONVERSION = YES;
				CLANG_WARN_NON_LITERAL_NULL_CONVERSION = YES;
				CLANG_WARN_OBJC_IMPLICIT_RETAIN_SELF = YES;
				CLANG_WARN_OBJC_LITERAL_CONVERSION = YES;
				CLANG_WARN_OBJC_ROOT_CLASS = YES_ERROR;
				CLANG_WARN_QUOTED_INCLUDE_IN_FRAMEWORK_HEADER = YES;
				CLANG_WARN_RANGE_LOOP_ANALYSIS = YES;
				CLANG_WARN_STRICT_PROTOTYPES = YES;
				CLANG_WARN_SUSPICIOUS_MOVE = YES;
				CLANG_WARN_UNGUARDED_AVAILABILITY = YES_AGGRESSIVE;
				CLANG_WARN_UNREACHABLE_CODE = YES;
				CLANG_WARN__DUPLICATE_METHOD_MATCH = YES;
				COPY_PHASE_STRIP = NO;
				DEBUG_INFORMATION_FORMAT = "dwarf-with-dsym";
				ENABLE_NS_ASSERTIONS = NO;
				ENABLE_STRICT_OBJC_MSGSEND = YES;
				GCC_C_LANGUAGE_STANDARD = gnu11;
				GCC_NO_COMMON_BLOCKS = YES;
				GCC_WARN_64_TO_32_BIT_CONVERSION = YES;
				GCC_WARN_ABOUT_RETURN_TYPE = YES_ERROR;
				GCC_WARN_UNDECLARED_SELECTOR = YES;
				GCC_WARN_UNINITIALIZED_AUTOS = YES_AGGRESSIVE;
				GCC_WARN_UNUSED_FUNCTION = YES;
				GCC_WARN_UNUSED_VARIABLE = YES;
				IPHONEOS_DEPLOYMENT_TARGET = 9.0;
				MTL_ENABLE_DEBUG_INFO = NO;
				MTL_FAST_MATH = YES;
				SDKROOT = iphoneos;
				VALIDATE_PRODUCT = YES;
			};
			name = Release;
		};
		1CD4721726032BB10079A357 /* Debug */ = {
			isa = XCBuildConfiguration;
			buildSettings = {
				ASSETCATALOG_COMPILER_APPICON_NAME = AppIcon;
				ASSETCATALOG_COMPILER_GLOBAL_ACCENT_COLOR_NAME = AccentColor;
				CODE_SIGN_STYLE = Automatic;
				INFOPLIST_FILE = MultiImageDownloadDome/Info.plist;
				LD_RUNPATH_SEARCH_PATHS = (
					"$(inherited)",
					"@executable_path/Frameworks",
				);
				PRODUCT_BUNDLE_IDENTIFIER = com.test.MultiImageDownloadDome;
				PRODUCT_NAME = "$(TARGET_NAME)";
				TARGETED_DEVICE_FAMILY = "1,2";
			};
			name = Debug;
		};
		1CD4721826032BB10079A357 /* Release */ = {
			isa = XCBuildConfiguration;
			buildSettings = {
				ASSETCATALOG_COMPILER_APPICON_NAME = AppIcon;
				ASSETCATALOG_COMPILER_GLOBAL_ACCENT_COLOR_NAME = AccentColor;
				CODE_SIGN_STYLE = Automatic;
				INFOPLIST_FILE = MultiImageDownloadDome/Info.plist;
				LD_RUNPATH_SEARCH_PATHS = (
					"$(inherited)",
					"@executable_path/Frameworks",
				);
				PRODUCT_BUNDLE_IDENTIFIER = com.test.MultiImageDownloadDome;
				PRODUCT_NAME = "$(TARGET_NAME)";
				TARGETED_DEVICE_FAMILY = "1,2";
			};
			name = Release;
		};
/* End XCBuildConfiguration section */

/* Begin XCConfigurationList section */
		1CD471F826032BB00079A357 /* Build configuration list for PBXProject "MultiImageDownloadDome" */ = {
			isa = XCConfigurationList;
			buildConfigurations = (
				1CD4721426032BB10079A357 /* Debug */,
				1CD4721526032BB10079A357 /* Release */,
			);
			defaultConfigurationIsVisible = 0;
			defaultConfigurationName = Release;
		};
		1CD4721626032BB10079A357 /* Build configuration list for PBXNativeTarget "MultiImageDownloadDome" */ = {
			isa = XCConfigurationList;
			buildConfigurations = (
				1CD4721726032BB10079A357 /* Debug */,
				1CD4721826032BB10079A357 /* Release */,
			);
			defaultConfigurationIsVisible = 0;
			defaultConfigurationName = Release;
		};
/* End XCConfigurationList section */
	};
	rootObject = 1CD471F526032BB00079A357 /* Project object */;
}
